{
  "object": {
    "pins": [
      {
        "package": "MqttCocoaAsyncSocket",
        "repositoryURL": "https://github.com/leeway1208/MqttCocoaAsyncSocket",
        "state": {
          "branch": null,
          "revision": "ce3e18607fd01079495f86ff6195d8a3ca469f73",
          "version": "1.0.8"
        }
      },
      {
        "package": "Starscream",
        "repositoryURL": "https://github.com/MalbyApps/Starscream_daltoniam",
        "state": {
          "branch": "malby",
          "revision": "e632a9aeea9cc799ac1c303ccc17a9b26f78e4c6",
          "version": null
        }
      }
    ]
  },
  "version": 1
}
